{
  "name": "rrai-wx",
  "version": "1.0.0",
  "lockfileVersion": 2,
  "requires": true,
  "packages": {
    "": {
      "name": "rrai-wx",
      "version": "1.0.0",
      "dependencies": {
        "coolui-scroller": "^3.1.4"
      },
      "devDependencies": {
        "miniprogram-api-typings": "^2.12.0"
      }
    },
    "node_modules/coolui-scroller": {
      "version": "3.1.4",
      "resolved": "https://registry.npmjs.org/coolui-scroller/-/coolui-scroller-3.1.4.tgz",
      "integrity": "sha512-Vr/sVltkJFuauvQKOhiUZwA4yKBDRRqy3/JNWSnDBG5REZNVH1VytBzuOWncEAOX35QqDvFA3v+cIxpUwD/Ccw=="
    },
    "node_modules/miniprogram-api-typings": {
      "version": "2.12.0",
      "resolved": "https://registry.npmjs.org/miniprogram-api-typings/-/miniprogram-api-typings-2.12.0.tgz",
      "integrity": "sha512-ibvbqeslVFur0IAvTxLMvsbtvVcMo6gwvOnj0YZHV7aeDLu091VQRrETT2QuiG9P6aZWRcxeNGJChRKVPCp9VQ==",
      "dev": true
    }
  },
  "dependencies": {
    "coolui-scroller": {
      "version": "3.1.4",
      "resolved": "https://registry.npmjs.org/coolui-scroller/-/coolui-scroller-3.1.4.tgz",
      "integrity": "sha512-Vr/sVltkJFuauvQKOhiUZwA4yKBDRRqy3/JNWSnDBG5REZNVH1VytBzuOWncEAOX35QqDvFA3v+cIxpUwD/Ccw=="
    },
    "miniprogram-api-typings": {
      "version": "2.12.0",
      "resolved": "https://registry.npmjs.org/miniprogram-api-typings/-/miniprogram-api-typings-2.12.0.tgz",
      "integrity": "sha512-ibvbqeslVFur0IAvTxLMvsbtvVcMo6gwvOnj0YZHV7aeDLu091VQRrETT2QuiG9P6aZWRcxeNGJChRKVPCp9VQ==",
      "dev": true
    }
  }
}
